
Microsoft Visual Studio Solution File, Format Version 12.00
# Visual Studio 2012
Project("{FAE04EC0-301F-11D3-BF4B-00C04F79EFBC}") = "SNSWeb", "SNSWeb\SNSWeb.csproj", "{0D74F519-58F8-4F76-B7B3-5235FA1489A9}"
EndProject
Global
	GlobalSection(SolutionConfigurationPlatforms) = preSolution
		Debug|Any CPU = Debug|Any CPU
		Release|Any CPU = Release|Any CPU
	EndGlobalSection
	GlobalSection(ProjectConfigurationPlatforms) = postSolution
		{0D74F519-58F8-4F76-B7B3-5235FA1489A9}.Debug|Any CPU.ActiveCfg = Debug|Any CPU
		{0D74F519-58F8-4F76-B7B3-5235FA1489A9}.Debug|Any CPU.Build.0 = Debug|Any CPU
		{0D74F519-58F8-4F76-B7B3-5235FA1489A9}.Release|Any CPU.ActiveCfg = Release|Any CPU
		{0D74F519-58F8-4F76-B7B3-5235FA1489A9}.Release|Any CPU.Build.0 = Release|Any CPU
	EndGlobalSection
EndGlobal
